
Microsoft Visual Studio Solution File, Format Version 12.00
# Visual Studio Version 17
VisualStudioVersion = 17.9.34714.143
MinimumVisualStudioVersion = 10.0.40219.1
Project("{FAE04EC0-301F-11D3-BF4B-00C04F79EFBC}") = "Inventario_Pylinski_Cuello_Gutierrez_Martinez", "Inventario_Pylinski_Cuello_Gutierrez_Martinez\Inventario_Pylinski_Cuello_Gutierrez_Martinez.csproj", "{B64F5844-3010-40A0-85CF-24D332BACE0E}"
EndProject
Project("{FAE04EC0-301F-11D3-BF4B-00C04F79EFBC}") = "BE", "BE\BE.csproj", "{7BF50FAD-E876-43BC-90FF-DF643E241ED5}"
EndProject
Project("{FAE04EC0-301F-11D3-BF4B-00C04F79EFBC}") = "DAL", "DAL\DAL.csproj", "{C026C3C1-F34F-4066-8671-5B1D668935A1}"
EndProject
Project("{FAE04EC0-301F-11D3-BF4B-00C04F79EFBC}") = "BLL", "BLL\BLL.csproj", "{2EE6A1C9-B921-412A-B1B0-BA04D6BE732F}"
EndProject
Project("{FAE04EC0-301F-11D3-BF4B-00C04F79EFBC}") = "SERVICIOS", "SERVICIOS\SERVICIOS.csproj", "{43E47747-DE9E-438E-8A25-59137B9B947E}"
EndProject
Global
	GlobalSection(SolutionConfigurationPlatforms) = preSolution
		Debug|Any CPU = Debug|Any CPU
		Release|Any CPU = Release|Any CPU
	EndGlobalSection
	GlobalSection(ProjectConfigurationPlatforms) = postSolution
		{B64F5844-3010-40A0-85CF-24D332BACE0E}.Debug|Any CPU.ActiveCfg = Debug|Any CPU
		{B64F5844-3010-40A0-85CF-24D332BACE0E}.Debug|Any CPU.Build.0 = Debug|Any CPU
		{B64F5844-3010-40A0-85CF-24D332BACE0E}.Release|Any CPU.ActiveCfg = Release|Any CPU
		{B64F5844-3010-40A0-85CF-24D332BACE0E}.Release|Any CPU.Build.0 = Release|Any CPU
		{7BF50FAD-E876-43BC-90FF-DF643E241ED5}.Debug|Any CPU.ActiveCfg = Debug|Any CPU
		{7BF50FAD-E876-43BC-90FF-DF643E241ED5}.Debug|Any CPU.Build.0 = Debug|Any CPU
		{7BF50FAD-E876-43BC-90FF-DF643E241ED5}.Release|Any CPU.ActiveCfg = Release|Any CPU
		{7BF50FAD-E876-43BC-90FF-DF643E241ED5}.Release|Any CPU.Build.0 = Release|Any CPU
		{C026C3C1-F34F-4066-8671-5B1D668935A1}.Debug|Any CPU.ActiveCfg = Debug|Any CPU
		{C026C3C1-F34F-4066-8671-5B1D668935A1}.Debug|Any CPU.Build.0 = Debug|Any CPU
		{C026C3C1-F34F-4066-8671-5B1D668935A1}.Release|Any CPU.ActiveCfg = Release|Any CPU
		{C026C3C1-F34F-4066-8671-5B1D668935A1}.Release|Any CPU.Build.0 = Release|Any CPU
		{2EE6A1C9-B921-412A-B1B0-BA04D6BE732F}.Debug|Any CPU.ActiveCfg = Debug|Any CPU
		{2EE6A1C9-B921-412A-B1B0-BA04D6BE732F}.Debug|Any CPU.Build.0 = Debug|Any CPU
		{2EE6A1C9-B921-412A-B1B0-BA04D6BE732F}.Release|Any CPU.ActiveCfg = Release|Any CPU
		{2EE6A1C9-B921-412A-B1B0-BA04D6BE732F}.Release|Any CPU.Build.0 = Release|Any CPU
		{43E47747-DE9E-438E-8A25-59137B9B947E}.Debug|Any CPU.ActiveCfg = Debug|Any CPU
		{43E47747-DE9E-438E-8A25-59137B9B947E}.Debug|Any CPU.Build.0 = Debug|Any CPU
		{43E47747-DE9E-438E-8A25-59137B9B947E}.Release|Any CPU.ActiveCfg = Release|Any CPU
		{43E47747-DE9E-438E-8A25-59137B9B947E}.Release|Any CPU.Build.0 = Release|Any CPU
	EndGlobalSection
	GlobalSection(SolutionProperties) = preSolution
		HideSolutionNode = FALSE
	EndGlobalSection
	GlobalSection(ExtensibilityGlobals) = postSolution
		SolutionGuid = {66205BCE-C01E-4A64-A79B-440C21CACEA6}
	EndGlobalSection
EndGlobal
